
Microsoft Visual Studio Solution File, Format Version 12.00
# Visual Studio Version 17
VisualStudioVersion = 17.3.32901.215
MinimumVisualStudioVersion = 10.0.40219.1
Project("{9A19103F-16F7-4668-BE54-9A1E7A4F7556}") = "Academy-App", "Academy-App.csproj", "{0DEBBB51-788C-4258-82B3-5291E7EF0F8A}"
EndProject
Project("{FAE04EC0-301F-11D3-BF4B-00C04F79EFBC}") = "Core", "..\Core\Core.csproj", "{2E1B2B47-2CCD-4A8D-8870-AE3632EAF0E3}"
EndProject
Project("{FAE04EC0-301F-11D3-BF4B-00C04F79EFBC}") = "Logic", "..\Logic\Logic.csproj", "{55D934D9-322F-4B9F-BB7F-E575D12C08E1}"
EndProject
Global
	GlobalSection(SolutionConfigurationPlatforms) = preSolution
		Debug|Any CPU = Debug|Any CPU
		Release|Any CPU = Release|Any CPU
	EndGlobalSection
	GlobalSection(ProjectConfigurationPlatforms) = postSolution
		{0DEBBB51-788C-4258-82B3-5291E7EF0F8A}.Debug|Any CPU.ActiveCfg = Debug|Any CPU
		{0DEBBB51-788C-4258-82B3-5291E7EF0F8A}.Debug|Any CPU.Build.0 = Debug|Any CPU
		{0DEBBB51-788C-4258-82B3-5291E7EF0F8A}.Release|Any CPU.ActiveCfg = Release|Any CPU
		{0DEBBB51-788C-4258-82B3-5291E7EF0F8A}.Release|Any CPU.Build.0 = Release|Any CPU
		{2E1B2B47-2CCD-4A8D-8870-AE3632EAF0E3}.Debug|Any CPU.ActiveCfg = Debug|Any CPU
		{2E1B2B47-2CCD-4A8D-8870-AE3632EAF0E3}.Debug|Any CPU.Build.0 = Debug|Any CPU
		{2E1B2B47-2CCD-4A8D-8870-AE3632EAF0E3}.Release|Any CPU.ActiveCfg = Release|Any CPU
		{2E1B2B47-2CCD-4A8D-8870-AE3632EAF0E3}.Release|Any CPU.Build.0 = Release|Any CPU
		{55D934D9-322F-4B9F-BB7F-E575D12C08E1}.Debug|Any CPU.ActiveCfg = Debug|Any CPU
		{55D934D9-322F-4B9F-BB7F-E575D12C08E1}.Debug|Any CPU.Build.0 = Debug|Any CPU
		{55D934D9-322F-4B9F-BB7F-E575D12C08E1}.Release|Any CPU.ActiveCfg = Release|Any CPU
		{55D934D9-322F-4B9F-BB7F-E575D12C08E1}.Release|Any CPU.Build.0 = Release|Any CPU
	EndGlobalSection
	GlobalSection(SolutionProperties) = preSolution
		HideSolutionNode = FALSE
	EndGlobalSection
	GlobalSection(ExtensibilityGlobals) = postSolution
		SolutionGuid = {E6947FF0-0628-419C-AA9D-11B5FD6D1506}
	EndGlobalSection
EndGlobal
